
Microsoft Visual Studio Solution File, Format Version 12.00
# Visual Studio Version 16
VisualStudioVersion = 16.0.31321.278
MinimumVisualStudioVersion = 10.0.40219.1
Project("{FAE04EC0-301F-11D3-BF4B-00C04F79EFBC}") = "rename", "rename.csproj", "{18223529-5580-4BF0-845D-D2132645C86D}"
EndProject
Global
	GlobalSection(SolutionConfigurationPlatforms) = preSolution
		Debug|Any CPU = Debug|Any CPU
		Release|Any CPU = Release|Any CPU
	EndGlobalSection
	GlobalSection(ProjectConfigurationPlatforms) = postSolution
		{18223529-5580-4BF0-845D-D2132645C86D}.Debug|Any CPU.ActiveCfg = Debug|Any CPU
		{18223529-5580-4BF0-845D-D2132645C86D}.Debug|Any CPU.Build.0 = Debug|Any CPU
		{18223529-5580-4BF0-845D-D2132645C86D}.Release|Any CPU.ActiveCfg = Release|Any CPU
		{18223529-5580-4BF0-845D-D2132645C86D}.Release|Any CPU.Build.0 = Release|Any CPU
	EndGlobalSection
	GlobalSection(SolutionProperties) = preSolution
		HideSolutionNode = FALSE
	EndGlobalSection
	GlobalSection(ExtensibilityGlobals) = postSolution
		SolutionGuid = {1EB5A5DC-9617-420E-B4B0-A52D0294D266}
	EndGlobalSection
EndGlobal
